
Microsoft Visual Studio Solution File, Format Version 12.00
# Visual Studio Version 17
VisualStudioVersion = 17.14.36109.1 d17.14
MinimumVisualStudioVersion = 10.0.40219.1
Project("{FAE04EC0-301F-11D3-BF4B-00C04F79EFBC}") = "SmartFitBook.MAUI", "SmartFitBook.MAUI\SmartFitBook.MAUI.csproj", "{4942B1E9-2685-4D2F-940B-45ACC9F3E431}"
EndProject
Global
	GlobalSection(SolutionConfigurationPlatforms) = preSolution
		Debug|Any CPU = Debug|Any CPU
		Release|Any CPU = Release|Any CPU
	EndGlobalSection
	GlobalSection(ProjectConfigurationPlatforms) = postSolution
		{4942B1E9-2685-4D2F-940B-45ACC9F3E431}.Debug|Any CPU.ActiveCfg = Debug|Any CPU
		{4942B1E9-2685-4D2F-940B-45ACC9F3E431}.Debug|Any CPU.Build.0 = Debug|Any CPU
		{4942B1E9-2685-4D2F-940B-45ACC9F3E431}.Debug|Any CPU.Deploy.0 = Debug|Any CPU
		{4942B1E9-2685-4D2F-940B-45ACC9F3E431}.Release|Any CPU.ActiveCfg = Release|Any CPU
		{4942B1E9-2685-4D2F-940B-45ACC9F3E431}.Release|Any CPU.Build.0 = Release|Any CPU
		{4942B1E9-2685-4D2F-940B-45ACC9F3E431}.Release|Any CPU.Deploy.0 = Release|Any CPU
	EndGlobalSection
	GlobalSection(SolutionProperties) = preSolution
		HideSolutionNode = FALSE
	EndGlobalSection
	GlobalSection(ExtensibilityGlobals) = postSolution
		SolutionGuid = {8239EB79-2AAF-4D61-8C88-0A8B9805AD9C}
	EndGlobalSection
EndGlobal
